{
  "version": 4,
  "terraform_version": "1.0.8",
  "serial": 8,
  "lineage": "43218631-193a-c892-7e21-9e9e2c56382c",
  "outputs": {
    "network_interface_id": {
      "value": "/subscriptions/e22093e4-2629-4111-a7ca-6ce29a9e97f8/resourceGroups/it-dev-myrg/providers/Microsoft.Network/networkInterfaces/it-dev-nic",
      "type": "string"
    },
    "resource_group_id": {
      "value": "/subscriptions/e22093e4-2629-4111-a7ca-6ce29a9e97f8/resourceGroups/it-dev-myrg",
      "type": "string"
    },
    "resource_group_location": {
      "value": "eastus",
      "type": "string"
    },
    "resource_group_name": {
      "value": "it-dev-myrg",
      "type": "string"
    },
    "virtual_network_name": {
      "value": "it-dev-vnet",
      "type": "string"
    }
  },
  "resources": [
    {
      "mode": "managed",
      "type": "azurerm_linux_virtual_machine",
      "name": "mylinuxvm",
      "provider": "provider[\"registry.terraform.io/hashicorp/azurerm\"]",
      "instances": [
        {
          "schema_version": 0,
          "attributes": {
            "additional_capabilities": [],
            "admin_password": null,
            "admin_ssh_key": [
              {
                "public_key": "ssh-rsa AAAAB3NzaC1yc2EAAAADAQABAAACAQDgeSM6SmWbriLPGCux02qt7DKjQxsI/f65TljJ8P5WqmLpUSmZ4ucuhPdVL6OAgXvnXvA1oxKFB+c4KMN83Gq6HmZNq0Nqkv5jScS0WNazN/oNjDeoP6ZGxaUj9ZHLBShStLSaSZTEqeg1blGxD5laCSNC8CG4NbYnvMooQF3MobedtMkWRSzUiblaUmwvQtOQuW0NQWE4eylslJh6dPw8SC+SW4g7MELuN96XMdd1dCrNNqROwk+4pwCvWZejKgnIxewplZfthc8Qgz46zHA7hgOxUwh/d++b97e+LWUWAfkPqgdN4rhwopOy0K+rmzBx9LeXmH50uPTcZIhah5C7VHhlQu251vp9jtFs89ynLEA+zSbqoxFqof7Qk9ncdcDVZekmKLh/6qP/Lwp9Pk5IWv93i+jKmzlcwjFUOlff01f9pf43hHEjUqA9LhHSWy4BbEPVpt2kAlecfLKvcp9pb+I6OZiIq1xla4KL18iAlI44X1ifPub7H0TNIPHN/WisX8PlqLN2bnW+fhGG7UTzxy2FNAkyYrdFk6bOSCjON+13raofbvVHgg5lK1ERiYOg4o2L2mMjJZPZXq5WDo/P7YayE+1JA6wnzbNuCG6vDNj393wg5pPmMNgCq8O719iU1uO/NIX4uu2zDCMd+pejbyOcXU+hXVsyd6wdj5CEfQ== azureuser@myserver\r\n",
                "username": "azureuser"
              }
            ],
            "admin_username": "azureuser",
            "allow_extension_operations": true,
            "availability_set_id": "",
            "boot_diagnostics": [],
            "computer_name": "it-dev-vm",
            "custom_data": "IyEvYmluL3NoDQojc3VkbyB5dW0gdXBkYXRlIC15DQpzdWRvIHl1bSBpbnN0YWxsIC15IGh0dHBkDQpzdWRvIHN5c3RlbWN0bCBlbmFibGUgaHR0cGQNCnN1ZG8gc3lzdGVtY3RsIHN0YXJ0IGh0dHBkICANCnN1ZG8gc3lzdGVtY3RsIHN0b3AgZmlyZXdhbGxkDQpzdWRvIHN5c3RlbWN0bCBkaXNhYmxlIGZpcmV3YWxsZA0Kc3VkbyBjaG1vZCAtUiA3NzcgL3Zhci93d3cvaHRtbCANCnN1ZG8gZWNobyAiV2VsY29tZSB0byBzdGFja3NpbXBsaWZ5IC0gV2ViVk0gQXBwMSAtIFZNIEhvc3RuYW1lOiAkKGhvc3RuYW1lKSIgPiAvdmFyL3d3dy9odG1sL2luZGV4Lmh0bWwNCnN1ZG8gbWtkaXIgL3Zhci93d3cvaHRtbC9hcHAxDQpzdWRvIGVjaG8gIldlbGNvbWUgdG8gYW1kb2NzIC0gV2ViVk0gQXBwMSAtIFZNIEhvc3RuYW1lOiAkKGhvc3RuYW1lKSIgPiAvdmFyL3d3dy9odG1sL2FwcDEvaG9zdG5hbWUuaHRtbA0Kc3VkbyBlY2hvICJXZWxjb21lIHRvIGFtZG9jcyAtIFdlYlZNIEFwcDEgLSBBcHAgU3RhdHVzIFBhZ2UiID4gL3Zhci93d3cvaHRtbC9hcHAxL3N0YXR1cy5odG1sDQpzdWRvIGVjaG8gJzwhRE9DVFlQRSBodG1sPiA8aHRtbD4gPGJvZHkgc3R5bGU9ImJhY2tncm91bmQtY29sb3I6cmdiKDI1MCwgMjEwLCAyMTApOyI+IDxoMT5XZWxjb21lIHRvIGFtZG9jcyAtIFdlYlZNIEFQUC0xIDwvaDE+IDxwPlRlcnJhZm9ybSBEZW1vPC9wPiA8cD5BcHBsaWNhdGlvbiBWZXJzaW9uOiBWMTwvcD4gPC9ib2R5PjwvaHRtbD4nIHwgc3VkbyB0ZWUgL3Zhci93d3cvaHRtbC9hcHAxL2luZGV4Lmh0bWwNCnN1ZG8gY3VybCAtSCAiTWV0YWRhdGE6dHJ1ZSIgLS1ub3Byb3h5ICIqIiAiaHR0cDovLzE2OS4yNTQuMTY5LjI1NC9tZXRhZGF0YS9pbnN0YW5jZT9hcGktdmVyc2lvbj0yMDIwLTA5LTAxIiAtbyAvdmFyL3d3dy9odG1sL2FwcDEvbWV0YWRhdGEuaHRtbA0K",
            "dedicated_host_group_id": "",
            "dedicated_host_id": "",
            "disable_password_authentication": true,
            "encryption_at_host_enabled": false,
            "eviction_policy": "",
            "extensions_time_budget": "PT1H30M",
            "id": "/subscriptions/e22093e4-2629-4111-a7ca-6ce29a9e97f8/resourceGroups/it-dev-myrg/providers/Microsoft.Compute/virtualMachines/it-dev-vm",
            "identity": [],
            "license_type": "",
            "location": "eastus",
            "max_bid_price": -1,
            "name": "it-dev-vm",
            "network_interface_ids": [
              "/subscriptions/e22093e4-2629-4111-a7ca-6ce29a9e97f8/resourceGroups/it-dev-myrg/providers/Microsoft.Network/networkInterfaces/it-dev-nic"
            ],
            "os_disk": [
              {
                "caching": "ReadWrite",
                "diff_disk_settings": [],
                "disk_encryption_set_id": "",
                "disk_size_gb": 64,
                "name": "osdiskxwtbpl",
                "storage_account_type": "Standard_LRS",
                "write_accelerator_enabled": false
              }
            ],
            "patch_mode": "ImageDefault",
            "plan": [],
            "platform_fault_domain": -1,
            "priority": "Regular",
            "private_ip_address": "10.0.0.4",
            "private_ip_addresses": [
              "10.0.0.4"
            ],
            "provision_vm_agent": true,
            "proximity_placement_group_id": "",
            "public_ip_address": "40.71.95.94",
            "public_ip_addresses": [
              "40.71.95.94"
            ],
            "resource_group_name": "it-dev-myrg",
            "secret": [],
            "secure_boot_enabled": false,
            "size": "Standard_DS1_v2",
            "source_image_id": "",
            "source_image_reference": [
              {
                "offer": "RHEL",
                "publisher": "Redhat",
                "sku": "83-gen2",
                "version": "latest"
              }
            ],
            "tags": null,
            "timeouts": null,
            "user_data": "",
            "virtual_machine_id": "b5b11727-6744-4893-a0d7-d3170ef74639",
            "virtual_machine_scale_set_id": "",
            "vtpm_enabled": false,
            "zone": ""
          },
          "sensitive_attributes": [],
          "private": "eyJlMmJmYjczMC1lY2FhLTExZTYtOGY4OC0zNDM2M2JjN2M0YzAiOnsiY3JlYXRlIjoyNzAwMDAwMDAwMDAwLCJkZWxldGUiOjI3MDAwMDAwMDAwMDAsInJlYWQiOjMwMDAwMDAwMDAwMCwidXBkYXRlIjoyNzAwMDAwMDAwMDAwfX0=",
          "dependencies": [
            "azurerm_network_interface.myvmnic",
            "azurerm_public_ip.mypublicip",
            "azurerm_resource_group.myrg",
            "azurerm_subnet.mysubnet",
            "azurerm_virtual_network.myvnet",
            "random_string.myrandom"
          ]
        }
      ]
    },
    {
      "mode": "managed",
      "type": "azurerm_network_interface",
      "name": "myvmnic",
      "provider": "provider[\"registry.terraform.io/hashicorp/azurerm\"]",
      "instances": [
        {
          "schema_version": 0,
          "attributes": {
            "applied_dns_servers": [],
            "dns_servers": [],
            "enable_accelerated_networking": false,
            "enable_ip_forwarding": false,
            "id": "/subscriptions/e22093e4-2629-4111-a7ca-6ce29a9e97f8/resourceGroups/it-dev-myrg/providers/Microsoft.Network/networkInterfaces/it-dev-nic",
            "internal_dns_name_label": "",
            "internal_domain_name_suffix": "sa4iot05xeouxo3ers52c1spkb.bx.internal.cloudapp.net",
            "ip_configuration": [
              {
                "gateway_load_balancer_frontend_ip_configuration_id": "",
                "name": "internal",
                "primary": true,
                "private_ip_address": "10.0.0.4",
                "private_ip_address_allocation": "Dynamic",
                "private_ip_address_version": "IPv4",
                "public_ip_address_id": "/subscriptions/e22093e4-2629-4111-a7ca-6ce29a9e97f8/resourceGroups/it-dev-myrg/providers/Microsoft.Network/publicIPAddresses/it-dev-publicip",
                "subnet_id": "/subscriptions/e22093e4-2629-4111-a7ca-6ce29a9e97f8/resourceGroups/it-dev-myrg/providers/Microsoft.Network/virtualNetworks/it-dev-vnet/subnets/it-dev-subnet"
              }
            ],
            "location": "eastus",
            "mac_address": "",
            "name": "it-dev-nic",
            "private_ip_address": "10.0.0.4",
            "private_ip_addresses": [
              "10.0.0.4"
            ],
            "resource_group_name": "it-dev-myrg",
            "tags": {
              "Owner": "Gopal Das",
              "Service": "Demo Service"
            },
            "timeouts": null,
            "virtual_machine_id": ""
          },
          "sensitive_attributes": [],
          "private": "eyJlMmJmYjczMC1lY2FhLTExZTYtOGY4OC0zNDM2M2JjN2M0YzAiOnsiY3JlYXRlIjoxODAwMDAwMDAwMDAwLCJkZWxldGUiOjE4MDAwMDAwMDAwMDAsInJlYWQiOjMwMDAwMDAwMDAwMCwidXBkYXRlIjoxODAwMDAwMDAwMDAwfX0=",
          "dependencies": [
            "azurerm_public_ip.mypublicip",
            "azurerm_resource_group.myrg",
            "azurerm_subnet.mysubnet",
            "azurerm_virtual_network.myvnet",
            "random_string.myrandom"
          ]
        }
      ]
    },
    {
      "mode": "managed",
      "type": "azurerm_public_ip",
      "name": "mypublicip",
      "provider": "provider[\"registry.terraform.io/hashicorp/azurerm\"]",
      "instances": [
        {
          "schema_version": 0,
          "attributes": {
            "allocation_method": "Static",
            "availability_zone": "No-Zone",
            "domain_name_label": "app1-dev-xwtbpl",
            "fqdn": "app1-dev-xwtbpl.eastus.cloudapp.azure.com",
            "id": "/subscriptions/e22093e4-2629-4111-a7ca-6ce29a9e97f8/resourceGroups/it-dev-myrg/providers/Microsoft.Network/publicIPAddresses/it-dev-publicip",
            "idle_timeout_in_minutes": 4,
            "ip_address": "40.71.95.94",
            "ip_tags": null,
            "ip_version": "IPv4",
            "location": "eastus",
            "name": "it-dev-publicip",
            "public_ip_prefix_id": null,
            "resource_group_name": "it-dev-myrg",
            "reverse_fqdn": "",
            "sku": "Basic",
            "sku_tier": "Regional",
            "tags": {
              "Owner": "Gopal Das",
              "Service": "Demo Service"
            },
            "timeouts": null,
            "zones": []
          },
          "sensitive_attributes": [],
          "private": "eyJlMmJmYjczMC1lY2FhLTExZTYtOGY4OC0zNDM2M2JjN2M0YzAiOnsiY3JlYXRlIjoxODAwMDAwMDAwMDAwLCJkZWxldGUiOjE4MDAwMDAwMDAwMDAsInJlYWQiOjMwMDAwMDAwMDAwMCwidXBkYXRlIjoxODAwMDAwMDAwMDAwfX0=",
          "dependencies": [
            "azurerm_resource_group.myrg",
            "random_string.myrandom"
          ]
        }
      ]
    },
    {
      "mode": "managed",
      "type": "azurerm_resource_group",
      "name": "myrg",
      "provider": "provider[\"registry.terraform.io/hashicorp/azurerm\"]",
      "instances": [
        {
          "schema_version": 0,
          "attributes": {
            "id": "/subscriptions/e22093e4-2629-4111-a7ca-6ce29a9e97f8/resourceGroups/it-dev-myrg",
            "location": "eastus",
            "name": "it-dev-myrg",
            "tags": {
              "Owner": "Gopal Das",
              "Service": "Demo Service"
            },
            "timeouts": null
          },
          "sensitive_attributes": [],
          "private": "eyJlMmJmYjczMC1lY2FhLTExZTYtOGY4OC0zNDM2M2JjN2M0YzAiOnsiY3JlYXRlIjo1NDAwMDAwMDAwMDAwLCJkZWxldGUiOjU0MDAwMDAwMDAwMDAsInJlYWQiOjMwMDAwMDAwMDAwMCwidXBkYXRlIjo1NDAwMDAwMDAwMDAwfX0="
        }
      ]
    },
    {
      "mode": "managed",
      "type": "azurerm_subnet",
      "name": "mysubnet",
      "provider": "provider[\"registry.terraform.io/hashicorp/azurerm\"]",
      "instances": [
        {
          "schema_version": 0,
          "attributes": {
            "address_prefix": "10.0.0.0/24",
            "address_prefixes": [
              "10.0.0.0/24"
            ],
            "delegation": [],
            "enforce_private_link_endpoint_network_policies": false,
            "enforce_private_link_service_network_policies": false,
            "id": "/subscriptions/e22093e4-2629-4111-a7ca-6ce29a9e97f8/resourceGroups/it-dev-myrg/providers/Microsoft.Network/virtualNetworks/it-dev-vnet/subnets/it-dev-subnet",
            "name": "it-dev-subnet",
            "resource_group_name": "it-dev-myrg",
            "service_endpoint_policy_ids": null,
            "service_endpoints": null,
            "timeouts": null,
            "virtual_network_name": "it-dev-vnet"
          },
          "sensitive_attributes": [],
          "private": "eyJlMmJmYjczMC1lY2FhLTExZTYtOGY4OC0zNDM2M2JjN2M0YzAiOnsiY3JlYXRlIjoxODAwMDAwMDAwMDAwLCJkZWxldGUiOjE4MDAwMDAwMDAwMDAsInJlYWQiOjMwMDAwMDAwMDAwMCwidXBkYXRlIjoxODAwMDAwMDAwMDAwfX0=",
          "dependencies": [
            "azurerm_resource_group.myrg",
            "azurerm_virtual_network.myvnet"
          ]
        }
      ]
    },
    {
      "mode": "managed",
      "type": "azurerm_virtual_network",
      "name": "myvnet",
      "provider": "provider[\"registry.terraform.io/hashicorp/azurerm\"]",
      "instances": [
        {
          "schema_version": 0,
          "attributes": {
            "address_space": [
              "10.0.0.0/16"
            ],
            "bgp_community": "",
            "ddos_protection_plan": [],
            "dns_servers": [],
            "flow_timeout_in_minutes": 0,
            "guid": "4f873c90-b95f-4b1d-bba4-8cbfc16e4f51",
            "id": "/subscriptions/e22093e4-2629-4111-a7ca-6ce29a9e97f8/resourceGroups/it-dev-myrg/providers/Microsoft.Network/virtualNetworks/it-dev-vnet",
            "location": "eastus",
            "name": "it-dev-vnet",
            "resource_group_name": "it-dev-myrg",
            "subnet": [],
            "tags": {
              "Owner": "Gopal Das",
              "Service": "Demo Service"
            },
            "timeouts": null,
            "vm_protection_enabled": false
          },
          "sensitive_attributes": [],
          "private": "eyJlMmJmYjczMC1lY2FhLTExZTYtOGY4OC0zNDM2M2JjN2M0YzAiOnsiY3JlYXRlIjoxODAwMDAwMDAwMDAwLCJkZWxldGUiOjE4MDAwMDAwMDAwMDAsInJlYWQiOjMwMDAwMDAwMDAwMCwidXBkYXRlIjoxODAwMDAwMDAwMDAwfX0=",
          "dependencies": [
            "azurerm_resource_group.myrg"
          ]
        }
      ]
    },
    {
      "mode": "managed",
      "type": "random_string",
      "name": "myrandom",
      "provider": "provider[\"registry.terraform.io/hashicorp/random\"]",
      "instances": [
        {
          "schema_version": 1,
          "attributes": {
            "id": "xwtbpl",
            "keepers": null,
            "length": 6,
            "lower": true,
            "min_lower": 0,
            "min_numeric": 0,
            "min_special": 0,
            "min_upper": 0,
            "number": false,
            "override_special": null,
            "result": "xwtbpl",
            "special": false,
            "upper": false
          },
          "sensitive_attributes": [],
          "private": "eyJzY2hlbWFfdmVyc2lvbiI6IjEifQ=="
        }
      ]
    }
  ]
}
